{
  "name": "customeventtarget",
  "version": "0.0.1",
  "lockfileVersion": 1,
  "requires": true,
  "dependencies": {
    "d": {
      "version": "1.0.0",
      "resolved": "https://registry.npmjs.org/d/-/d-1.0.0.tgz",
      "integrity": "sha1-dUu1v+VUUdpppYuU1F9MWwRi1Y8=",
      "requires": {
        "es5-ext": "0.10.24"
      }
    },
    "es5-ext": {
      "version": "0.10.24",
      "resolved": "https://registry.npmjs.org/es5-ext/-/es5-ext-0.10.24.tgz",
      "integrity": "sha1-pVh3yZJLwMjZvTwsvhdJWsFwmxQ=",
      "requires": {
        "es6-iterator": "2.0.1",
        "es6-symbol": "3.1.1"
      }
    },
    "es6-iterator": {
      "version": "2.0.1",
      "resolved": "https://registry.npmjs.org/es6-iterator/-/es6-iterator-2.0.1.tgz",
      "integrity": "sha1-jjGcnwRTv1ddN0lAplWSDlnKVRI=",
      "requires": {
        "d": "1.0.0",
        "es5-ext": "0.10.24",
        "es6-symbol": "3.1.1"
      }
    },
    "es6-map": {
      "version": "0.1.5",
      "resolved": "https://registry.npmjs.org/es6-map/-/es6-map-0.1.5.tgz",
      "integrity": "sha1-kTbgUD3MBqMBaQ8LsU/042TpSfA=",
      "requires": {
        "d": "1.0.0",
        "es5-ext": "0.10.24",
        "es6-iterator": "2.0.1",
        "es6-set": "0.1.5",
        "es6-symbol": "3.1.1",
        "event-emitter": "0.3.5"
      }
    },
    "es6-set": {
      "version": "0.1.5",
      "resolved": "https://registry.npmjs.org/es6-set/-/es6-set-0.1.5.tgz",
      "integrity": "sha1-0rPsXU2ADO2BjbU40ol02wpzzLE=",
      "requires": {
        "d": "1.0.0",
        "es5-ext": "0.10.24",
        "es6-iterator": "2.0.1",
        "es6-symbol": "3.1.1",
        "event-emitter": "0.3.5"
      }
    },
    "es6-symbol": {
      "version": "3.1.1",
      "resolved": "https://registry.npmjs.org/es6-symbol/-/es6-symbol-3.1.1.tgz",
      "integrity": "sha1-vwDvT9q2uhtG7Le2KbTH7VcVzHc=",
      "requires": {
        "d": "1.0.0",
        "es5-ext": "0.10.24"
      }
    },
    "es6-weak-map": {
      "version": "2.0.2",
      "resolved": "https://registry.npmjs.org/es6-weak-map/-/es6-weak-map-2.0.2.tgz",
      "integrity": "sha1-XjqzIlH/0VOKH45f+hNXdy+S2W8=",
      "requires": {
        "d": "1.0.0",
        "es5-ext": "0.10.24",
        "es6-iterator": "2.0.1",
        "es6-symbol": "3.1.1"
      }
    },
    "event-emitter": {
      "version": "0.3.5",
      "resolved": "https://registry.npmjs.org/event-emitter/-/event-emitter-0.3.5.tgz",
      "integrity": "sha1-34xp7vFkeSPHFXuc6DhAYQsCzDk=",
      "requires": {
        "d": "1.0.0",
        "es5-ext": "0.10.24"
      }
    },
    "import-export": {
      "version": "1.0.1",
      "resolved": "https://registry.npmjs.org/import-export/-/import-export-1.0.1.tgz",
      "integrity": "sha1-K3BfydAioyz4akPkEiS44lq2M14=",
      "requires": {
        "node-hook": "0.4.1"
      }
    },
    "node-hook": {
      "version": "0.4.1",
      "resolved": "https://registry.npmjs.org/node-hook/-/node-hook-0.4.1.tgz",
      "integrity": "sha1-EBahBuk+vZWf0zfL41+mOX+p1hw="
    }
  }
}
